
Microsoft Visual Studio Solution File, Format Version 12.00
# Visual Studio Version 17
VisualStudioVersion = 17.10.35013.160
MinimumVisualStudioVersion = 10.0.40219.1
Project("{FAE04EC0-301F-11D3-BF4B-00C04F79EFBC}") = "ToDoListBack", "ToDoListBack\ToDoListBack.csproj", "{2E16B887-F805-4492-A2E2-6BBEFAEB16A9}"
EndProject
Global
	GlobalSection(SolutionConfigurationPlatforms) = preSolution
		Debug|Any CPU = Debug|Any CPU
		Release|Any CPU = Release|Any CPU
	EndGlobalSection
	GlobalSection(ProjectConfigurationPlatforms) = postSolution
		{2E16B887-F805-4492-A2E2-6BBEFAEB16A9}.Debug|Any CPU.ActiveCfg = Debug|Any CPU
		{2E16B887-F805-4492-A2E2-6BBEFAEB16A9}.Debug|Any CPU.Build.0 = Debug|Any CPU
		{2E16B887-F805-4492-A2E2-6BBEFAEB16A9}.Release|Any CPU.ActiveCfg = Release|Any CPU
		{2E16B887-F805-4492-A2E2-6BBEFAEB16A9}.Release|Any CPU.Build.0 = Release|Any CPU
	EndGlobalSection
	GlobalSection(SolutionProperties) = preSolution
		HideSolutionNode = FALSE
	EndGlobalSection
	GlobalSection(ExtensibilityGlobals) = postSolution
		SolutionGuid = {E29C5DCE-FD1E-4F7D-8675-9148194E41F4}
	EndGlobalSection
EndGlobal
